
Microsoft Visual Studio Solution File, Format Version 12.00
# Visual Studio Version 16
VisualStudioVersion = 16.0.36324.18
MinimumVisualStudioVersion = 10.0.40219.1
Project("{FAE04EC0-301F-11D3-BF4B-00C04F79EFBC}") = "LabCS8", "LabCS8\LabCS8.csproj", "{E6E646F3-79B2-4091-B9CD-7B4562F6C00F}"
EndProject
Global
	GlobalSection(SolutionConfigurationPlatforms) = preSolution
		Debug|Any CPU = Debug|Any CPU
		Release|Any CPU = Release|Any CPU
	EndGlobalSection
	GlobalSection(ProjectConfigurationPlatforms) = postSolution
		{E6E646F3-79B2-4091-B9CD-7B4562F6C00F}.Debug|Any CPU.ActiveCfg = Debug|Any CPU
		{E6E646F3-79B2-4091-B9CD-7B4562F6C00F}.Debug|Any CPU.Build.0 = Debug|Any CPU
		{E6E646F3-79B2-4091-B9CD-7B4562F6C00F}.Release|Any CPU.ActiveCfg = Release|Any CPU
		{E6E646F3-79B2-4091-B9CD-7B4562F6C00F}.Release|Any CPU.Build.0 = Release|Any CPU
	EndGlobalSection
	GlobalSection(SolutionProperties) = preSolution
		HideSolutionNode = FALSE
	EndGlobalSection
	GlobalSection(ExtensibilityGlobals) = postSolution
		SolutionGuid = {4C69A0CE-84BE-4878-9CCC-8EA0CAA6082E}
	EndGlobalSection
EndGlobal
