
Microsoft Visual Studio Solution File, Format Version 12.00
# Visual Studio Version 16
VisualStudioVersion = 16.0.36324.18
MinimumVisualStudioVersion = 10.0.40219.1
Project("{8BC9CEB8-8B4A-11D0-8D11-00A0C91BC942}") = "Lab4", "Lab4\Lab4.vcxproj", "{AA5AE486-3A39-4049-A9EB-85D66DF6F672}"
EndProject
Global
	GlobalSection(SolutionConfigurationPlatforms) = preSolution
		Debug|x64 = Debug|x64
		Debug|x86 = Debug|x86
		Release|x64 = Release|x64
		Release|x86 = Release|x86
	EndGlobalSection
	GlobalSection(ProjectConfigurationPlatforms) = postSolution
		{AA5AE486-3A39-4049-A9EB-85D66DF6F672}.Debug|x64.ActiveCfg = Debug|x64
		{AA5AE486-3A39-4049-A9EB-85D66DF6F672}.Debug|x64.Build.0 = Debug|x64
		{AA5AE486-3A39-4049-A9EB-85D66DF6F672}.Debug|x86.ActiveCfg = Debug|Win32
		{AA5AE486-3A39-4049-A9EB-85D66DF6F672}.Debug|x86.Build.0 = Debug|Win32
		{AA5AE486-3A39-4049-A9EB-85D66DF6F672}.Release|x64.ActiveCfg = Release|x64
		{AA5AE486-3A39-4049-A9EB-85D66DF6F672}.Release|x64.Build.0 = Release|x64
		{AA5AE486-3A39-4049-A9EB-85D66DF6F672}.Release|x86.ActiveCfg = Release|Win32
		{AA5AE486-3A39-4049-A9EB-85D66DF6F672}.Release|x86.Build.0 = Release|Win32
	EndGlobalSection
	GlobalSection(SolutionProperties) = preSolution
		HideSolutionNode = FALSE
	EndGlobalSection
	GlobalSection(ExtensibilityGlobals) = postSolution
		SolutionGuid = {8EDC24F5-BB8A-4CF1-8998-71DBB9C04C77}
	EndGlobalSection
EndGlobal
