
Microsoft Visual Studio Solution File, Format Version 12.00
# Visual Studio Version 16
VisualStudioVersion = 16.0.36324.18
MinimumVisualStudioVersion = 10.0.40219.1
Project("{8BC9CEB8-8B4A-11D0-8D11-00A0C91BC942}") = "Lab5", "Lab5\Lab5.vcxproj", "{67452C86-304B-48E4-80B7-CDB6FD1C9D5F}"
EndProject
Global
	GlobalSection(SolutionConfigurationPlatforms) = preSolution
		Debug|x64 = Debug|x64
		Debug|x86 = Debug|x86
		Release|x64 = Release|x64
		Release|x86 = Release|x86
	EndGlobalSection
	GlobalSection(ProjectConfigurationPlatforms) = postSolution
		{67452C86-304B-48E4-80B7-CDB6FD1C9D5F}.Debug|x64.ActiveCfg = Debug|x64
		{67452C86-304B-48E4-80B7-CDB6FD1C9D5F}.Debug|x64.Build.0 = Debug|x64
		{67452C86-304B-48E4-80B7-CDB6FD1C9D5F}.Debug|x86.ActiveCfg = Debug|Win32
		{67452C86-304B-48E4-80B7-CDB6FD1C9D5F}.Debug|x86.Build.0 = Debug|Win32
		{67452C86-304B-48E4-80B7-CDB6FD1C9D5F}.Release|x64.ActiveCfg = Release|x64
		{67452C86-304B-48E4-80B7-CDB6FD1C9D5F}.Release|x64.Build.0 = Release|x64
		{67452C86-304B-48E4-80B7-CDB6FD1C9D5F}.Release|x86.ActiveCfg = Release|Win32
		{67452C86-304B-48E4-80B7-CDB6FD1C9D5F}.Release|x86.Build.0 = Release|Win32
	EndGlobalSection
	GlobalSection(SolutionProperties) = preSolution
		HideSolutionNode = FALSE
	EndGlobalSection
	GlobalSection(ExtensibilityGlobals) = postSolution
		SolutionGuid = {620FAC5A-6292-4542-9BE4-4F117FB7A698}
	EndGlobalSection
EndGlobal
